
Microsoft Visual Studio Solution File, Format Version 12.00
# Visual Studio 15
VisualStudioVersion = 15.0.28010.2026
MinimumVisualStudioVersion = 10.0.40219.1
Project("{9A19103F-16F7-4668-BE54-9A1E7A4F7556}") = "CoreWebApp", "CoreWebApp\CoreWebApp.csproj", "{FC01FA17-4B74-44C0-AC96-17F5D905DB2C}"
EndProject
Project("{9A19103F-16F7-4668-BE54-9A1E7A4F7556}") = "Business", "Business\Business.csproj", "{9B30C02C-AD53-4744-B241-D9F318CF5CE9}"
EndProject
Project("{9A19103F-16F7-4668-BE54-9A1E7A4F7556}") = "DAO", "DAO\DAO.csproj", "{6D6311F3-FB88-4AA7-9E8A-CBC69274B5B3}"
EndProject
Project("{2150E333-8FDC-42A3-9474-1A3956D46DE8}") = "Demo", "Demo", "{37ACC592-3491-4721-A881-0744ABFD2FD5}"
EndProject
Project("{9A19103F-16F7-4668-BE54-9A1E7A4F7556}") = "DapperDemo", "DapperDemo\DapperDemo.csproj", "{0263ACF6-FE8F-487C-B4B0-E837EDB2D9B8}"
EndProject
Project("{2150E333-8FDC-42A3-9474-1A3956D46DE8}") = "CMS", "CMS", "{92573F21-211E-4264-8D04-234CF5B8E059}"
EndProject
Project("{2150E333-8FDC-42A3-9474-1A3956D46DE8}") = "1.UI", "1.UI", "{6D290213-505C-4F17-8B30-16F50F3B7DD3}"
EndProject
Project("{2150E333-8FDC-42A3-9474-1A3956D46DE8}") = "2.Application", "2.Application", "{E1A80AF5-B071-41A5-B241-6C3CD6D91806}"
EndProject
Project("{2150E333-8FDC-42A3-9474-1A3956D46DE8}") = "3.Repository", "3.Repository", "{59E43D35-619E-401C-B3E1-8739D5676B87}"
EndProject
Project("{2150E333-8FDC-42A3-9474-1A3956D46DE8}") = "4.Domain", "4.Domain", "{23406F4D-2B49-495D-95A6-5546E70CCD08}"
EndProject
Project("{2150E333-8FDC-42A3-9474-1A3956D46DE8}") = "5.Infrastructure", "5.Infrastructure", "{08EFE472-7DAD-4A98-B4F3-282A2123B7C6}"
EndProject
Project("{2150E333-8FDC-42A3-9474-1A3956D46DE8}") = "6.Test", "6.Test", "{B8BAB4D3-9952-4A38-9C2C-43808591ABE7}"
EndProject
Project("{9A19103F-16F7-4668-BE54-9A1E7A4F7556}") = "CMS.Admin", "CMS.Admin\CMS.Admin.csproj", "{ED3957A3-EB49-4C62-9DDA-B67DA18BD6C3}"
EndProject
Project("{9A19103F-16F7-4668-BE54-9A1E7A4F7556}") = "CMS.Site", "CMS.Site\CMS.Site.csproj", "{521C272B-D645-49B8-A5EF-680EDAE3C0EC}"
EndProject
Project("{FAE04EC0-301F-11D3-BF4B-00C04F79EFBC}") = "EnumExtensionDemo", "EnumExtensionDemo\EnumExtensionDemo.csproj", "{712412A3-4C0B-4654-8CDE-CF5C2C256E79}"
EndProject
Project("{FAE04EC0-301F-11D3-BF4B-00C04F79EFBC}") = "Domain", "Domain\Domain.csproj", "{4624E497-877D-40D6-86CC-F57887A2F641}"
EndProject
Project("{FAE04EC0-301F-11D3-BF4B-00C04F79EFBC}") = "EntityFrameworkCore", "EntityFrameworkCore\EntityFrameworkCore.csproj", "{F52C1367-CD9F-42BD-998A-5B05CBDDB680}"
EndProject
Project("{FAE04EC0-301F-11D3-BF4B-00C04F79EFBC}") = "Application", "Application\Application.csproj", "{79ADB65C-2B46-47F3-A313-12A3260B7759}"
EndProject
Global
	GlobalSection(SolutionConfigurationPlatforms) = preSolution
		Debug|Any CPU = Debug|Any CPU
		Release|Any CPU = Release|Any CPU
	EndGlobalSection
	GlobalSection(ProjectConfigurationPlatforms) = postSolution
		{FC01FA17-4B74-44C0-AC96-17F5D905DB2C}.Debug|Any CPU.ActiveCfg = Debug|Any CPU
		{FC01FA17-4B74-44C0-AC96-17F5D905DB2C}.Debug|Any CPU.Build.0 = Debug|Any CPU
		{FC01FA17-4B74-44C0-AC96-17F5D905DB2C}.Release|Any CPU.ActiveCfg = Release|Any CPU
		{FC01FA17-4B74-44C0-AC96-17F5D905DB2C}.Release|Any CPU.Build.0 = Release|Any CPU
		{9B30C02C-AD53-4744-B241-D9F318CF5CE9}.Debug|Any CPU.ActiveCfg = Debug|Any CPU
		{9B30C02C-AD53-4744-B241-D9F318CF5CE9}.Debug|Any CPU.Build.0 = Debug|Any CPU
		{9B30C02C-AD53-4744-B241-D9F318CF5CE9}.Release|Any CPU.ActiveCfg = Release|Any CPU
		{9B30C02C-AD53-4744-B241-D9F318CF5CE9}.Release|Any CPU.Build.0 = Release|Any CPU
		{6D6311F3-FB88-4AA7-9E8A-CBC69274B5B3}.Debug|Any CPU.ActiveCfg = Debug|Any CPU
		{6D6311F3-FB88-4AA7-9E8A-CBC69274B5B3}.Debug|Any CPU.Build.0 = Debug|Any CPU
		{6D6311F3-FB88-4AA7-9E8A-CBC69274B5B3}.Release|Any CPU.ActiveCfg = Release|Any CPU
		{6D6311F3-FB88-4AA7-9E8A-CBC69274B5B3}.Release|Any CPU.Build.0 = Release|Any CPU
		{0263ACF6-FE8F-487C-B4B0-E837EDB2D9B8}.Debug|Any CPU.ActiveCfg = Debug|Any CPU
		{0263ACF6-FE8F-487C-B4B0-E837EDB2D9B8}.Debug|Any CPU.Build.0 = Debug|Any CPU
		{0263ACF6-FE8F-487C-B4B0-E837EDB2D9B8}.Release|Any CPU.ActiveCfg = Release|Any CPU
		{0263ACF6-FE8F-487C-B4B0-E837EDB2D9B8}.Release|Any CPU.Build.0 = Release|Any CPU
		{ED3957A3-EB49-4C62-9DDA-B67DA18BD6C3}.Debug|Any CPU.ActiveCfg = Debug|Any CPU
		{ED3957A3-EB49-4C62-9DDA-B67DA18BD6C3}.Debug|Any CPU.Build.0 = Debug|Any CPU
		{ED3957A3-EB49-4C62-9DDA-B67DA18BD6C3}.Release|Any CPU.ActiveCfg = Release|Any CPU
		{ED3957A3-EB49-4C62-9DDA-B67DA18BD6C3}.Release|Any CPU.Build.0 = Release|Any CPU
		{521C272B-D645-49B8-A5EF-680EDAE3C0EC}.Debug|Any CPU.ActiveCfg = Debug|Any CPU
		{521C272B-D645-49B8-A5EF-680EDAE3C0EC}.Debug|Any CPU.Build.0 = Debug|Any CPU
		{521C272B-D645-49B8-A5EF-680EDAE3C0EC}.Release|Any CPU.ActiveCfg = Release|Any CPU
		{521C272B-D645-49B8-A5EF-680EDAE3C0EC}.Release|Any CPU.Build.0 = Release|Any CPU
		{712412A3-4C0B-4654-8CDE-CF5C2C256E79}.Debug|Any CPU.ActiveCfg = Debug|Any CPU
		{712412A3-4C0B-4654-8CDE-CF5C2C256E79}.Debug|Any CPU.Build.0 = Debug|Any CPU
		{712412A3-4C0B-4654-8CDE-CF5C2C256E79}.Release|Any CPU.ActiveCfg = Release|Any CPU
		{712412A3-4C0B-4654-8CDE-CF5C2C256E79}.Release|Any CPU.Build.0 = Release|Any CPU
		{4624E497-877D-40D6-86CC-F57887A2F641}.Debug|Any CPU.ActiveCfg = Debug|Any CPU
		{4624E497-877D-40D6-86CC-F57887A2F641}.Debug|Any CPU.Build.0 = Debug|Any CPU
		{4624E497-877D-40D6-86CC-F57887A2F641}.Release|Any CPU.ActiveCfg = Release|Any CPU
		{4624E497-877D-40D6-86CC-F57887A2F641}.Release|Any CPU.Build.0 = Release|Any CPU
		{F52C1367-CD9F-42BD-998A-5B05CBDDB680}.Debug|Any CPU.ActiveCfg = Debug|Any CPU
		{F52C1367-CD9F-42BD-998A-5B05CBDDB680}.Debug|Any CPU.Build.0 = Debug|Any CPU
		{F52C1367-CD9F-42BD-998A-5B05CBDDB680}.Release|Any CPU.ActiveCfg = Release|Any CPU
		{F52C1367-CD9F-42BD-998A-5B05CBDDB680}.Release|Any CPU.Build.0 = Release|Any CPU
		{79ADB65C-2B46-47F3-A313-12A3260B7759}.Debug|Any CPU.ActiveCfg = Debug|Any CPU
		{79ADB65C-2B46-47F3-A313-12A3260B7759}.Debug|Any CPU.Build.0 = Debug|Any CPU
		{79ADB65C-2B46-47F3-A313-12A3260B7759}.Release|Any CPU.ActiveCfg = Release|Any CPU
		{79ADB65C-2B46-47F3-A313-12A3260B7759}.Release|Any CPU.Build.0 = Release|Any CPU
	EndGlobalSection
	GlobalSection(SolutionProperties) = preSolution
		HideSolutionNode = FALSE
	EndGlobalSection
	GlobalSection(NestedProjects) = preSolution
		{0263ACF6-FE8F-487C-B4B0-E837EDB2D9B8} = {37ACC592-3491-4721-A881-0744ABFD2FD5}
		{6D290213-505C-4F17-8B30-16F50F3B7DD3} = {92573F21-211E-4264-8D04-234CF5B8E059}
		{E1A80AF5-B071-41A5-B241-6C3CD6D91806} = {92573F21-211E-4264-8D04-234CF5B8E059}
		{59E43D35-619E-401C-B3E1-8739D5676B87} = {92573F21-211E-4264-8D04-234CF5B8E059}
		{23406F4D-2B49-495D-95A6-5546E70CCD08} = {92573F21-211E-4264-8D04-234CF5B8E059}
		{08EFE472-7DAD-4A98-B4F3-282A2123B7C6} = {92573F21-211E-4264-8D04-234CF5B8E059}
		{B8BAB4D3-9952-4A38-9C2C-43808591ABE7} = {92573F21-211E-4264-8D04-234CF5B8E059}
		{ED3957A3-EB49-4C62-9DDA-B67DA18BD6C3} = {6D290213-505C-4F17-8B30-16F50F3B7DD3}
		{521C272B-D645-49B8-A5EF-680EDAE3C0EC} = {6D290213-505C-4F17-8B30-16F50F3B7DD3}
		{712412A3-4C0B-4654-8CDE-CF5C2C256E79} = {37ACC592-3491-4721-A881-0744ABFD2FD5}
		{4624E497-877D-40D6-86CC-F57887A2F641} = {23406F4D-2B49-495D-95A6-5546E70CCD08}
		{F52C1367-CD9F-42BD-998A-5B05CBDDB680} = {08EFE472-7DAD-4A98-B4F3-282A2123B7C6}
		{79ADB65C-2B46-47F3-A313-12A3260B7759} = {E1A80AF5-B071-41A5-B241-6C3CD6D91806}
	EndGlobalSection
	GlobalSection(ExtensibilityGlobals) = postSolution
		SolutionGuid = {63B9C36A-1B5E-48AE-99B3-EB2E5FB1081F}
	EndGlobalSection
EndGlobal
